
Microsoft Visual Studio Solution File, Format Version 12.00
# Visual Studio Version 17
VisualStudioVersion = 17.8.34316.72
MinimumVisualStudioVersion = 10.0.40219.1
Project("{FAE04EC0-301F-11D3-BF4B-00C04F79EFBC}") = "ndpproje", "ndpproje\ndpproje.csproj", "{3698F502-40CD-4C46-8C54-4600A3B10C1C}"
EndProject
Global
	GlobalSection(SolutionConfigurationPlatforms) = preSolution
		Debug|Any CPU = Debug|Any CPU
		Release|Any CPU = Release|Any CPU
	EndGlobalSection
	GlobalSection(ProjectConfigurationPlatforms) = postSolution
		{3698F502-40CD-4C46-8C54-4600A3B10C1C}.Debug|Any CPU.ActiveCfg = Debug|Any CPU
		{3698F502-40CD-4C46-8C54-4600A3B10C1C}.Debug|Any CPU.Build.0 = Debug|Any CPU
		{3698F502-40CD-4C46-8C54-4600A3B10C1C}.Release|Any CPU.ActiveCfg = Release|Any CPU
		{3698F502-40CD-4C46-8C54-4600A3B10C1C}.Release|Any CPU.Build.0 = Release|Any CPU
	EndGlobalSection
	GlobalSection(SolutionProperties) = preSolution
		HideSolutionNode = FALSE
	EndGlobalSection
	GlobalSection(ExtensibilityGlobals) = postSolution
		SolutionGuid = {C6E25BC7-7D15-4D17-9EED-2FAB15E53003}
	EndGlobalSection
EndGlobal
